
Microsoft Visual Studio Solution File, Format Version 12.00
# Visual Studio Version 16
VisualStudioVersion = 16.0.31729.503
MinimumVisualStudioVersion = 10.0.40219.1
Project("{FAE04EC0-301F-11D3-BF4B-00C04F79EFBC}") = "RMS Estimation Service", "RMS Estimation Service\RMS Estimation Service.csproj", "{1843F46C-6CEC-4144-BB49-8E536F1BC0F0}"
EndProject
Project("{E729F059-12D4-455F-A2A4-FDA8DD25E08A}") = "RMS Estimation Service Setup x86", "RMS Estimation Service Setup x86\RMS Estimation Service Setup x86.isproj", "{3852867C-1765-433C-92F4-DCFCCD38B34E}"
	ProjectSection(ProjectDependencies) = postProject
		{1843F46C-6CEC-4144-BB49-8E536F1BC0F0} = {1843F46C-6CEC-4144-BB49-8E536F1BC0F0}
	EndProjectSection
EndProject
Project("{E729F059-12D4-455F-A2A4-FDA8DD25E08A}") = "RMS Estimation Service Setup LocalDBSql x86", "RMS Estimation Service Setup LocalDBSql\RMS Estimation Service Setup LocalDBSql x86.isproj", "{7840CE42-2492-4D7C-B9E0-E64BA19CE501}"
EndProject
Project("{E729F059-12D4-455F-A2A4-FDA8DD25E08A}") = "RMS Estimation Service Setup LocalDBSql x64", "RMS Estimation Service Setup LocalDBSql x64\RMS Estimation Service Setup LocalDBSql x64.isproj", "{85362BAA-8331-4B0F-B899-217F86A0A5C9}"
EndProject
Global
	GlobalSection(SolutionConfigurationPlatforms) = preSolution
		Debug|Any CPU = Debug|Any CPU
		Release|Any CPU = Release|Any CPU
		SINGLE_EXE_IMAGE|Any CPU = SINGLE_EXE_IMAGE|Any CPU
	EndGlobalSection
	GlobalSection(ProjectConfigurationPlatforms) = postSolution
		{1843F46C-6CEC-4144-BB49-8E536F1BC0F0}.Debug|Any CPU.ActiveCfg = Debug|Any CPU
		{1843F46C-6CEC-4144-BB49-8E536F1BC0F0}.Debug|Any CPU.Build.0 = Debug|Any CPU
		{1843F46C-6CEC-4144-BB49-8E536F1BC0F0}.Release|Any CPU.ActiveCfg = Release|Any CPU
		{1843F46C-6CEC-4144-BB49-8E536F1BC0F0}.Release|Any CPU.Build.0 = Release|Any CPU
		{1843F46C-6CEC-4144-BB49-8E536F1BC0F0}.SINGLE_EXE_IMAGE|Any CPU.ActiveCfg = Release|Any CPU
		{1843F46C-6CEC-4144-BB49-8E536F1BC0F0}.SINGLE_EXE_IMAGE|Any CPU.Build.0 = Release|Any CPU
		{3852867C-1765-433C-92F4-DCFCCD38B34E}.Debug|Any CPU.ActiveCfg = SINGLE_EXE_IMAGE
		{3852867C-1765-433C-92F4-DCFCCD38B34E}.Debug|Any CPU.Build.0 = SINGLE_EXE_IMAGE
		{3852867C-1765-433C-92F4-DCFCCD38B34E}.Release|Any CPU.ActiveCfg = SINGLE_EXE_IMAGE
		{3852867C-1765-433C-92F4-DCFCCD38B34E}.Release|Any CPU.Build.0 = SINGLE_EXE_IMAGE
		{3852867C-1765-433C-92F4-DCFCCD38B34E}.SINGLE_EXE_IMAGE|Any CPU.ActiveCfg = SINGLE_EXE_IMAGE
		{3852867C-1765-433C-92F4-DCFCCD38B34E}.SINGLE_EXE_IMAGE|Any CPU.Build.0 = SINGLE_EXE_IMAGE
		{7840CE42-2492-4D7C-B9E0-E64BA19CE501}.Debug|Any CPU.ActiveCfg = SINGLE_EXE_IMAGE
		{7840CE42-2492-4D7C-B9E0-E64BA19CE501}.Debug|Any CPU.Build.0 = SINGLE_EXE_IMAGE
		{7840CE42-2492-4D7C-B9E0-E64BA19CE501}.Release|Any CPU.ActiveCfg = SINGLE_EXE_IMAGE
		{7840CE42-2492-4D7C-B9E0-E64BA19CE501}.Release|Any CPU.Build.0 = SINGLE_EXE_IMAGE
		{7840CE42-2492-4D7C-B9E0-E64BA19CE501}.SINGLE_EXE_IMAGE|Any CPU.ActiveCfg = SINGLE_EXE_IMAGE
		{7840CE42-2492-4D7C-B9E0-E64BA19CE501}.SINGLE_EXE_IMAGE|Any CPU.Build.0 = SINGLE_EXE_IMAGE
		{85362BAA-8331-4B0F-B899-217F86A0A5C9}.Debug|Any CPU.ActiveCfg = SINGLE_EXE_IMAGE
		{85362BAA-8331-4B0F-B899-217F86A0A5C9}.Debug|Any CPU.Build.0 = SINGLE_EXE_IMAGE
		{85362BAA-8331-4B0F-B899-217F86A0A5C9}.Release|Any CPU.ActiveCfg = SINGLE_EXE_IMAGE
		{85362BAA-8331-4B0F-B899-217F86A0A5C9}.Release|Any CPU.Build.0 = SINGLE_EXE_IMAGE
		{85362BAA-8331-4B0F-B899-217F86A0A5C9}.SINGLE_EXE_IMAGE|Any CPU.ActiveCfg = SINGLE_EXE_IMAGE
		{85362BAA-8331-4B0F-B899-217F86A0A5C9}.SINGLE_EXE_IMAGE|Any CPU.Build.0 = SINGLE_EXE_IMAGE
	EndGlobalSection
	GlobalSection(SolutionProperties) = preSolution
		HideSolutionNode = FALSE
	EndGlobalSection
	GlobalSection(ExtensibilityGlobals) = postSolution
		SolutionGuid = {AB2C0C82-17DC-458D-AEE0-D7E33B72788F}
	EndGlobalSection
EndGlobal
